
Microsoft Visual Studio Solution File, Format Version 12.00
# Visual Studio Version 17
VisualStudioVersion = 17.12.35514.174
MinimumVisualStudioVersion = 10.0.40219.1
Project("{FAE04EC0-301F-11D3-BF4B-00C04F79EFBC}") = "osu-sharp", "osu-sharp\osu-sharp.csproj", "{52E86F24-DD0D-428E-8194-6222BB38B897}"
EndProject
Project("{FAE04EC0-301F-11D3-BF4B-00C04F79EFBC}") = "Test", "Test\Test.csproj", "{1AA22D47-C3AF-4E07-BB7E-87FFF8AE99BE}"
EndProject
Project("{FAE04EC0-301F-11D3-BF4B-00C04F79EFBC}") = "osu-sharp.Analyzers", "APIErrorHandlingAnalyzer\APIErrorHandlingAnalyzer\osu-sharp.Analyzers.csproj", "{FF54208E-0E34-4387-9E6C-0D10107B28D3}"
EndProject
Global
	GlobalSection(SolutionConfigurationPlatforms) = preSolution
		Debug|Any CPU = Debug|Any CPU
		Release|Any CPU = Release|Any CPU
	EndGlobalSection
	GlobalSection(ProjectConfigurationPlatforms) = postSolution
		{52E86F24-DD0D-428E-8194-6222BB38B897}.Debug|Any CPU.ActiveCfg = Debug|Any CPU
		{52E86F24-DD0D-428E-8194-6222BB38B897}.Debug|Any CPU.Build.0 = Debug|Any CPU
		{52E86F24-DD0D-428E-8194-6222BB38B897}.Release|Any CPU.ActiveCfg = Release|Any CPU
		{52E86F24-DD0D-428E-8194-6222BB38B897}.Release|Any CPU.Build.0 = Release|Any CPU
		{1AA22D47-C3AF-4E07-BB7E-87FFF8AE99BE}.Debug|Any CPU.ActiveCfg = Debug|Any CPU
		{1AA22D47-C3AF-4E07-BB7E-87FFF8AE99BE}.Debug|Any CPU.Build.0 = Debug|Any CPU
		{1AA22D47-C3AF-4E07-BB7E-87FFF8AE99BE}.Release|Any CPU.ActiveCfg = Release|Any CPU
		{1AA22D47-C3AF-4E07-BB7E-87FFF8AE99BE}.Release|Any CPU.Build.0 = Release|Any CPU
		{FF54208E-0E34-4387-9E6C-0D10107B28D3}.Debug|Any CPU.ActiveCfg = Debug|Any CPU
		{FF54208E-0E34-4387-9E6C-0D10107B28D3}.Debug|Any CPU.Build.0 = Debug|Any CPU
		{FF54208E-0E34-4387-9E6C-0D10107B28D3}.Release|Any CPU.ActiveCfg = Release|Any CPU
		{FF54208E-0E34-4387-9E6C-0D10107B28D3}.Release|Any CPU.Build.0 = Release|Any CPU
	EndGlobalSection
	GlobalSection(SolutionProperties) = preSolution
		HideSolutionNode = FALSE
	EndGlobalSection
EndGlobal
