
Microsoft Visual Studio Solution File, Format Version 12.00
# Visual Studio Version 16
VisualStudioVersion = 16.0.31321.278
MinimumVisualStudioVersion = 10.0.40219.1
Project("{9A19103F-16F7-4668-BE54-9A1E7A4F7556}") = "OsuSharp", "OsuSharp\OsuSharp.csproj", "{FFDE1E29-ABFD-4E63-A3DF-6938510576B2}"
EndProject
Project("{FAE04EC0-301F-11D3-BF4B-00C04F79EFBC}") = "Test", "Test\Test.csproj", "{92BBC63C-8120-4BC6-9268-2EAF6C36E265}"
EndProject
Global
	GlobalSection(SolutionConfigurationPlatforms) = preSolution
		Debug|Any CPU = Debug|Any CPU
		Release|Any CPU = Release|Any CPU
	EndGlobalSection
	GlobalSection(ProjectConfigurationPlatforms) = postSolution
		{FFDE1E29-ABFD-4E63-A3DF-6938510576B2}.Debug|Any CPU.ActiveCfg = Debug|Any CPU
		{FFDE1E29-ABFD-4E63-A3DF-6938510576B2}.Debug|Any CPU.Build.0 = Debug|Any CPU
		{FFDE1E29-ABFD-4E63-A3DF-6938510576B2}.Release|Any CPU.ActiveCfg = Release|Any CPU
		{FFDE1E29-ABFD-4E63-A3DF-6938510576B2}.Release|Any CPU.Build.0 = Release|Any CPU
		{92BBC63C-8120-4BC6-9268-2EAF6C36E265}.Debug|Any CPU.ActiveCfg = Debug|Any CPU
		{92BBC63C-8120-4BC6-9268-2EAF6C36E265}.Debug|Any CPU.Build.0 = Debug|Any CPU
		{92BBC63C-8120-4BC6-9268-2EAF6C36E265}.Release|Any CPU.ActiveCfg = Release|Any CPU
		{92BBC63C-8120-4BC6-9268-2EAF6C36E265}.Release|Any CPU.Build.0 = Release|Any CPU
	EndGlobalSection
	GlobalSection(SolutionProperties) = preSolution
		HideSolutionNode = FALSE
	EndGlobalSection
	GlobalSection(ExtensibilityGlobals) = postSolution
		SolutionGuid = {542E4D72-D64D-4882-AC46-F5F82EAAF0E4}
	EndGlobalSection
EndGlobal
